// !$*UTF8*$!
{
	archiveVersion = 1;
	classes = {
	};
	objectVersion = 50;
	objects = {

/* Begin PBXBuildFile section */
		3C8C23B320DA617200D86038 /* AppDelegate.swift in Sources */ = {isa = PBXBuildFile; fileRef = 3C8C23B220DA617200D86038 /* AppDelegate.swift */; };
		3C8C23B520DA617200D86038 /* ViewController.swift in Sources */ = {isa = PBXBuildFile; fileRef = 3C8C23B420DA617200D86038 /* ViewController.swift */; };
		3C8C23B820DA617200D86038 /* Main.storyboard in Resources */ = {isa = PBXBuildFile; fileRef = 3C8C23B620DA617200D86038 /* Main.storyboard */; };
		3C8C23BA20DA617400D86038 /* Assets.xcassets in Resources */ = {isa = PBXBuildFile; fileRef = 3C8C23B920DA617400D86038 /* Assets.xcassets */; };
		3C8C23BD20DA617400D86038 /* LaunchScreen.storyboard in Resources */ = {isa = PBXBuildFile; fileRef = 3C8C23BB20DA617400D86038 /* LaunchScreen.storyboard */; };
		C82B28CA4D015A904334F841 /* Pods_LogReaderExample.framework in Frameworks */ = {isa = PBXBuildFile; fileRef = BB203BEC1DD0F9022F204205 /* Pods_LogReaderExample.framework */; };
/* End PBXBuildFile section */

/* Begin PBXFileReference section */
		1579C4A0D837340DB6304482 /* Pods-LogReaderExample.release.xcconfig */ = {isa = PBXFileReference; includeInIndex = 1; lastKnownFileType = text.xcconfig; name = "Pods-LogReaderExample.release.xcconfig"; path = "Pods/Target Support Files/Pods-LogReaderExample/Pods-LogReaderExample.release.xcconfig"; sourceTree = "<group>"; };
		3C8C23AF20DA617200D86038 /* LogReaderExample.app */ = {isa = PBXFileReference; explicitFileType = wrapper.application; includeInIndex = 0; path = LogReaderExample.app; sourceTree = BUILT_PRODUCTS_DIR; };
		3C8C23B220DA617200D86038 /* AppDelegate.swift */ = {isa = PBXFileReference; lastKnownFileType = sourcecode.swift; path = AppDelegate.swift; sourceTree = "<group>"; };
		3C8C23B420DA617200D86038 /* ViewController.swift */ = {isa = PBXFileReference; lastKnownFileType = sourcecode.swift; path = ViewController.swift; sourceTree = "<group>"; };
		3C8C23B720DA617200D86038 /* Base */ = {isa = PBXFileReference; lastKnownFileType = file.storyboard; name = Base; path = Base.lproj/Main.storyboard; sourceTree = "<group>"; };
		3C8C23B920DA617400D86038 /* Assets.xcassets */ = {isa = PBXFileReference; lastKnownFileType = folder.assetcatalog; path = Assets.xcassets; sourceTree = "<group>"; };
		3C8C23BC20DA617400D86038 /* Base */ = {isa = PBXFileReference; lastKnownFileType = file.storyboard; name = Base; path = Base.lproj/LaunchScreen.storyboard; sourceTree = "<group>"; };
		3C8C23BE20DA617400D86038 /* Info.plist */ = {isa = PBXFileReference; lastKnownFileType = text.plist.xml; path = Info.plist; sourceTree = "<group>"; };
		ADF50EFE91205D362EFD7695 /* Pods-LogReaderExample.debug.xcconfig */ = {isa = PBXFileReference; includeInIndex = 1; lastKnownFileType = text.xcconfig; name = "Pods-LogReaderExample.debug.xcconfig"; path = "Pods/Target Support Files/Pods-LogReaderExample/Pods-LogReaderExample.debug.xcconfig"; sourceTree = "<group>"; };
		BB203BEC1DD0F9022F204205 /* Pods_LogReaderExample.framework */ = {isa = PBXFileReference; explicitFileType = wrapper.framework; includeInIndex = 0; path = Pods_LogReaderExample.framework; sourceTree = BUILT_PRODUCTS_DIR; };
/* End PBXFileReference section */

/* Begin PBXFrameworksBuildPhase section */
		3C8C23AC20DA617200D86038 /* Frameworks */ = {
			isa = PBXFrameworksBuildPhase;
			buildActionMask = 2147483647;
			files = (
				C82B28CA4D015A904334F841 /* Pods_LogReaderExample.framework in Frameworks */,
			);
			runOnlyForDeploymentPostprocessing = 0;
		};
/* End PBXFrameworksBuildPhase section */

/* Begin PBXGroup section */
		161BD5B7C89858306C6DD9DB /* Frameworks */ = {
			isa = PBXGroup;
			children = (
				BB203BEC1DD0F9022F204205 /* Pods_LogReaderExample.framework */,
			);
			name = Frameworks;
			sourceTree = "<group>";
		};
		3C8C23A620DA617200D86038 = {
			isa = PBXGroup;
			children = (
				3C8C23B120DA617200D86038 /* LogReaderExample */,
				3C8C23B020DA617200D86038 /* Products */,
				5AEC9E4A0498391937B8862C /* Pods */,
				161BD5B7C89858306C6DD9DB /* Frameworks */,
			);
			sourceTree = "<group>";
		};
		3C8C23B020DA617200D86038 /* Products */ = {
			isa = PBXGroup;
			children = (
				3C8C23AF20DA617200D86038 /* LogReaderExample.app */,
			);
			name = Products;
			sourceTree = "<group>";
		};
		3C8C23B120DA617200D86038 /* LogReaderExample */ = {
			isa = PBXGroup;
			children = (
				3C8C23B220DA617200D86038 /* AppDelegate.swift */,
				3C8C23B420DA617200D86038 /* ViewController.swift */,
				3C8C23B620DA617200D86038 /* Main.storyboard */,
				3C8C23B920DA617400D86038 /* Assets.xcassets */,
				3C8C23BB20DA617400D86038 /* LaunchScreen.storyboard */,
				3C8C23BE20DA617400D86038 /* Info.plist */,
			);
			path = LogReaderExample;
			sourceTree = "<group>";
		};
		5AEC9E4A0498391937B8862C /* Pods */ = {
			isa = PBXGroup;
			children = (
				ADF50EFE91205D362EFD7695 /* Pods-LogReaderExample.debug.xcconfig */,
				1579C4A0D837340DB6304482 /* Pods-LogReaderExample.release.xcconfig */,
			);
			name = Pods;
			sourceTree = "<group>";
		};
/* End PBXGroup section */

/* Begin PBXNativeTarget section */
		3C8C23AE20DA617200D86038 /* LogReaderExample */ = {
			isa = PBXNativeTarget;
			buildConfigurationList = 3C8C23C120DA617400D86038 /* Build configuration list for PBXNativeTarget "LogReaderExample" */;
			buildPhases = (
				27F900D3689007A0F795DB78 /* [CP] Check Pods Manifest.lock */,
				3C8C23AB20DA617200D86038 /* Sources */,
				3C8C23AC20DA617200D86038 /* Frameworks */,
				3C8C23AD20DA617200D86038 /* Resources */,
			);
			buildRules = (
			);
			dependencies = (
			);
			name = LogReaderExample;
			productName = LogReaderExample;
			productReference = 3C8C23AF20DA617200D86038 /* LogReaderExample.app */;
			productType = "com.apple.product-type.application";
		};
/* End PBXNativeTarget section */

/* Begin PBXProject section */
		3C8C23A720DA617200D86038 /* Project object */ = {
			isa = PBXProject;
			attributes = {
				LastSwiftUpdateCheck = 0940;
				LastUpgradeCheck = 0940;
				ORGANIZATIONNAME = linsheng;
				TargetAttributes = {
					3C8C23AE20DA617200D86038 = {
						CreatedOnToolsVersion = 9.4;
					};
				};
			};
			buildConfigurationList = 3C8C23AA20DA617200D86038 /* Build configuration list for PBXProject "LogReaderExample" */;
			compatibilityVersion = "Xcode 9.3";
			developmentRegion = en;
			hasScannedForEncodings = 0;
			knownRegions = (
				en,
				Base,
			);
			mainGroup = 3C8C23A620DA617200D86038;
			productRefGroup = 3C8C23B020DA617200D86038 /* Products */;
			projectDirPath = "";
			projectRoot = "";
			targets = (
				3C8C23AE20DA617200D86038 /* LogReaderExample */,
			);
		};
/* End PBXProject section */

/* Begin PBXResourcesBuildPhase section */
		3C8C23AD20DA617200D86038 /* Resources */ = {
			isa = PBXResourcesBuildPhase;
			buildActionMask = 2147483647;
			files = (
				3C8C23BD20DA617400D86038 /* LaunchScreen.storyboard in Resources */,
				3C8C23BA20DA617400D86038 /* Assets.xcassets in Resources */,
				3C8C23B820DA617200D86038 /* Main.storyboard in Resources */,
			);
			runOnlyForDeploymentPostprocessing = 0;
		};
/* End PBXResourcesBuildPhase section */

/* Begin PBXShellScriptBuildPhase section */
		27F900D3689007A0F795DB78 /* [CP] Check Pods Manifest.lock */ = {
			isa = PBXShellScriptBuildPhase;
			buildActionMask = 2147483647;
			files = (
			);
			inputPaths = (
				"${PODS_PODFILE_DIR_PATH}/Podfile.lock",
				"${PODS_ROOT}/Manifest.lock",
			);
			name = "[CP] Check Pods Manifest.lock";
			outputPaths = (
				"$(DERIVED_FILE_DIR)/Pods-LogReaderExample-checkManifestLockResult.txt",
			);
			runOnlyForDeploymentPostprocessing = 0;
			shellPath = /bin/sh;
			shellScript = "diff \"${PODS_PODFILE_DIR_PATH}/Podfile.lock\" \"${PODS_ROOT}/Manifest.lock\" > /dev/null\nif [ $? != 0 ] ; then\n    # print error to STDERR\n    echo \"error: The sandbox is not in sync with the Podfile.lock. Run 'pod install' or update your CocoaPods installation.\" >&2\n    exit 1\nfi\n# This output is used by Xcode 'outputs' to avoid re-running this script phase.\necho \"SUCCESS\" > \"${SCRIPT_OUTPUT_FILE_0}\"\n";
			showEnvVarsInLog = 0;
		};
/* End PBXShellScriptBuildPhase section */

/* Begin PBXSourcesBuildPhase section */
		3C8C23AB20DA617200D86038 /* Sources */ = {
			isa = PBXSourcesBuildPhase;
			buildActionMask = 2147483647;
			files = (
				3C8C23B520DA617200D86038 /* ViewController.swift in Sources */,
				3C8C23B320DA617200D86038 /* AppDelegate.swift in Sources */,
			);
			runOnlyForDeploymentPostprocessing = 0;
		};
/* End PBXSourcesBuildPhase section */

/* Begin PBXVariantGroup section */
		3C8C23B620DA617200D86038 /* Main.storyboard */ = {
			isa = PBXVariantGroup;
			children = (
				3C8C23B720DA617200D86038 /* Base */,
			);
			name = Main.storyboard;
			sourceTree = "<group>";
		};
		3C8C23BB20DA617400D86038 /* LaunchScreen.storyboard */ = {
			isa = PBXVariantGroup;
			children = (
				3C8C23BC20DA617400D86038 /* Base */,
			);
			name = LaunchScreen.storyboard;
			sourceTree = "<group>";
		};
/* End PBXVariantGroup section */

/* Begin XCBuildConfiguration section */
		3C8C23BF20DA617400D86038 /* Debug */ = {
			isa = XCBuildConfiguration;
			buildSettings = {
				ALWAYS_SEARCH_USER_PATHS = NO;
				CLANG_ANALYZER_NONNULL = YES;
				CLANG_ANALYZER_NUMBER_OBJECT_CONVERSION = YES_AGGRESSIVE;
				CLANG_CXX_LANGUAGE_STANDARD = "gnu++14";
				CLANG_CXX_LIBRARY = "libc++";
				CLANG_ENABLE_MODULES = YES;
				CLANG_ENABLE_OBJC_ARC = YES;
				CLANG_ENABLE_OBJC_WEAK = YES;
				CLANG_WARN_BLOCK_CAPTURE_AUTORELEASING = YES;
				CLANG_WARN_BOOL_CONVERSION = YES;
				CLANG_WARN_COMMA = YES;
				CLANG_WARN_CONSTANT_CONVERSION = YES;
				CLANG_WARN_DEPRECATED_OBJC_IMPLEMENTATIONS = YES;
				CLANG_WARN_DIRECT_OBJC_ISA_USAGE = YES_ERROR;
				CLANG_WARN_DOCUMENTATION_COMMENTS = YES;
				CLANG_WARN_EMPTY_BODY = YES;
				CLANG_WARN_ENUM_CONVERSION = YES;
				CLANG_WARN_INFINITE_RECURSION = YES;
				CLANG_WARN_INT_CONVERSION = YES;
				CLANG_WARN_NON_LITERAL_NULL_CONVERSION = YES;
				CLANG_WARN_OBJC_IMPLICIT_RETAIN_SELF = YES;
				CLANG_WARN_OBJC_LITERAL_CONVERSION = YES;
				CLANG_WARN_OBJC_ROOT_CLASS = YES_ERROR;
				CLANG_WARN_RANGE_LOOP_ANALYSIS = YES;
				CLANG_WARN_STRICT_PROTOTYPES = YES;
				CLANG_WARN_SUSPICIOUS_MOVE = YES;
				CLANG_WARN_UNGUARDED_AVAILABILITY = YES_AGGRESSIVE;
				CLANG_WARN_UNREACHABLE_CODE = YES;
				CLANG_WARN__DUPLICATE_METHOD_MATCH = YES;
				CODE_SIGN_IDENTITY = "iPhone Developer";
				COPY_PHASE_STRIP = NO;
				DEBUG_INFORMATION_FORMAT = dwarf;
				ENABLE_STRICT_OBJC_MSGSEND = YES;
				ENABLE_TESTABILITY = YES;
				GCC_C_LANGUAGE_STANDARD = gnu11;
				GCC_DYNAMIC_NO_PIC = NO;
				GCC_NO_COMMON_BLOCKS = YES;
				GCC_OPTIMIZATION_LEVEL = 0;
				GCC_PREPROCESSOR_DEFINITIONS = (
					"DEBUG=1",
					"$(inherited)",
				);
				GCC_WARN_64_TO_32_BIT_CONVERSION = YES;
				GCC_WARN_ABOUT_RETURN_TYPE = YES_ERROR;
				GCC_WARN_UNDECLARED_SELECTOR = YES;
				GCC_WARN_UNINITIALIZED_AUTOS = YES_AGGRESSIVE;
				GCC_WARN_UNUSED_FUNCTION = YES;
				GCC_WARN_UNUSED_VARIABLE = YES;
				IPHONEOS_DEPLOYMENT_TARGET = 11.4;
				MTL_ENABLE_DEBUG_INFO = YES;
				ONLY_ACTIVE_ARCH = YES;
				SDKROOT = iphoneos;
				SWIFT_ACTIVE_COMPILATION_CONDITIONS = DEBUG;
				SWIFT_OPTIMIZATION_LEVEL = "-Onone";
			};
			name = Debug;
		};
		3C8C23C020DA617400D86038 /* Release */ = {
			isa = XCBuildConfiguration;
			buildSettings = {
				ALWAYS_SEARCH_USER_PATHS = NO;
				CLANG_ANALYZER_NONNULL = YES;
				CLANG_ANALYZER_NUMBER_OBJECT_CONVERSION = YES_AGGRESSIVE;
				CLANG_CXX_LANGUAGE_STANDARD = "gnu++14";
				CLANG_CXX_LIBRARY = "libc++";
				CLANG_ENABLE_MODULES = YES;
				CLANG_ENABLE_OBJC_ARC = YES;
				CLANG_ENABLE_OBJC_WEAK = YES;
				CLANG_WARN_BLOCK_CAPTURE_AUTORELEASING = YES;
				CLANG_WARN_BOOL_CONVERSION = YES;
				CLANG_WARN_COMMA = YES;
				CLANG_WARN_CONSTANT_CONVERSION = YES;
				CLANG_WARN_DEPRECATED_OBJC_IMPLEMENTATIONS = YES;
				CLANG_WARN_DIRECT_OBJC_ISA_USAGE = YES_ERROR;
				CLANG_WARN_DOCUMENTATION_COMMENTS = YES;
				CLANG_WARN_EMPTY_BODY = YES;
				CLANG_WARN_ENUM_CONVERSION = YES;
				CLANG_WARN_INFINITE_RECURSION = YES;
				CLANG_WARN_INT_CONVERSION = YES;
				CLANG_WARN_NON_LITERAL_NULL_CONVERSION = YES;
				CLANG_WARN_OBJC_IMPLICIT_RETAIN_SELF = YES;
				CLANG_WARN_OBJC_LITERAL_CONVERSION = YES;
				CLANG_WARN_OBJC_ROOT_CLASS = YES_ERROR;
				CLANG_WARN_RANGE_LOOP_ANALYSIS = YES;
				CLANG_WARN_STRICT_PROTOTYPES = YES;
				CLANG_WARN_SUSPICIOUS_MOVE = YES;
				CLANG_WARN_UNGUARDED_AVAILABILITY = YES_AGGRESSIVE;
				CLANG_WARN_UNREACHABLE_CODE = YES;
				CLANG_WARN__DUPLICATE_METHOD_MATCH = YES;
				CODE_SIGN_IDENTITY = "iPhone Developer";
				COPY_PHASE_STRIP = NO;
				DEBUG_INFORMATION_FORMAT = "dwarf-with-dsym";
				ENABLE_NS_ASSERTIONS = NO;
				ENABLE_STRICT_OBJC_MSGSEND = YES;
				GCC_C_LANGUAGE_STANDARD = gnu11;
				GCC_NO_COMMON_BLOCKS = YES;
				GCC_WARN_64_TO_32_BIT_CONVERSION = YES;
				GCC_WARN_ABOUT_RETURN_TYPE = YES_ERROR;
				GCC_WARN_UNDECLARED_SELECTOR = YES;
				GCC_WARN_UNINITIALIZED_AUTOS = YES_AGGRESSIVE;
				GCC_WARN_UNUSED_FUNCTION = YES;
				GCC_WARN_UNUSED_VARIABLE = YES;
				IPHONEOS_DEPLOYMENT_TARGET = 11.4;
				MTL_ENABLE_DEBUG_INFO = NO;
				SDKROOT = iphoneos;
				SWIFT_COMPILATION_MODE = wholemodule;
				SWIFT_OPTIMIZATION_LEVEL = "-O";
				VALIDATE_PRODUCT = YES;
			};
			name = Release;
		};
		3C8C23C220DA617400D86038 /* Debug */ = {
			isa = XCBuildConfiguration;
			baseConfigurationReference = ADF50EFE91205D362EFD7695 /* Pods-LogReaderExample.debug.xcconfig */;
			buildSettings = {
				ASSETCATALOG_COMPILER_APPICON_NAME = AppIcon;
				CODE_SIGN_STYLE = Automatic;
				DEVELOPMENT_TEAM = XQ9YLTYXWA;
				INFOPLIST_FILE = LogReaderExample/Info.plist;
				LD_RUNPATH_SEARCH_PATHS = "$(inherited) @executable_path/Frameworks";
				PRODUCT_BUNDLE_IDENTIFIER = com.xrj.framework.LogReaderExample;
				PRODUCT_NAME = "$(TARGET_NAME)";
				SWIFT_VERSION = 4.0;
				TARGETED_DEVICE_FAMILY = "1,2";
			};
			name = Debug;
		};
		3C8C23C320DA617400D86038 /* Release */ = {
			isa = XCBuildConfiguration;
			baseConfigurationReference = 1579C4A0D837340DB6304482 /* Pods-LogReaderExample.release.xcconfig */;
			buildSettings = {
				ASSETCATALOG_COMPILER_APPICON_NAME = AppIcon;
				CODE_SIGN_STYLE = Automatic;
				DEVELOPMENT_TEAM = XQ9YLTYXWA;
				INFOPLIST_FILE = LogReaderExample/Info.plist;
				LD_RUNPATH_SEARCH_PATHS = "$(inherited) @executable_path/Frameworks";
				PRODUCT_BUNDLE_IDENTIFIER = com.xrj.framework.LogReaderExample;
				PRODUCT_NAME = "$(TARGET_NAME)";
				SWIFT_VERSION = 4.0;
				TARGETED_DEVICE_FAMILY = "1,2";
			};
			name = Release;
		};
/* End XCBuildConfiguration section */

/* Begin XCConfigurationList section */
		3C8C23AA20DA617200D86038 /* Build configuration list for PBXProject "LogReaderExample" */ = {
			isa = XCConfigurationList;
			buildConfigurations = (
				3C8C23BF20DA617400D86038 /* Debug */,
				3C8C23C020DA617400D86038 /* Release */,
			);
			defaultConfigurationIsVisible = 0;
			defaultConfigurationName = Release;
		};
		3C8C23C120DA617400D86038 /* Build configuration list for PBXNativeTarget "LogReaderExample" */ = {
			isa = XCConfigurationList;
			buildConfigurations = (
				3C8C23C220DA617400D86038 /* Debug */,
				3C8C23C320DA617400D86038 /* Release */,
			);
			defaultConfigurationIsVisible = 0;
			defaultConfigurationName = Release;
		};
/* End XCConfigurationList section */
	};
	rootObject = 3C8C23A720DA617200D86038 /* Project object */;
}
